
Microsoft Visual Studio Solution File, Format Version 12.00
# Visual Studio 15
VisualStudioVersion = 15.0.28010.2046
MinimumVisualStudioVersion = 10.0.40219.1
Project("{FAE04EC0-301F-11D3-BF4B-00C04F79EFBC}") = "EquazioniLibrary", "EquazioniLibrary\EquazioniLibrary.csproj", "{A3A60F3E-724B-41AD-8892-D3DA60BD4395}"
EndProject
Project("{FAE04EC0-301F-11D3-BF4B-00C04F79EFBC}") = "EquazioneLibrary.Test", "EquazioneLibrary.Test\EquazioneLibrary.Test.csproj", "{B4D3ACB2-891A-4150-94C8-9372D0591292}"
EndProject
Global
	GlobalSection(SolutionConfigurationPlatforms) = preSolution
		Debug|Any CPU = Debug|Any CPU
		Release|Any CPU = Release|Any CPU
	EndGlobalSection
	GlobalSection(ProjectConfigurationPlatforms) = postSolution
		{A3A60F3E-724B-41AD-8892-D3DA60BD4395}.Debug|Any CPU.ActiveCfg = Debug|Any CPU
		{A3A60F3E-724B-41AD-8892-D3DA60BD4395}.Debug|Any CPU.Build.0 = Debug|Any CPU
		{A3A60F3E-724B-41AD-8892-D3DA60BD4395}.Release|Any CPU.ActiveCfg = Release|Any CPU
		{A3A60F3E-724B-41AD-8892-D3DA60BD4395}.Release|Any CPU.Build.0 = Release|Any CPU
		{B4D3ACB2-891A-4150-94C8-9372D0591292}.Debug|Any CPU.ActiveCfg = Debug|Any CPU
		{B4D3ACB2-891A-4150-94C8-9372D0591292}.Debug|Any CPU.Build.0 = Debug|Any CPU
		{B4D3ACB2-891A-4150-94C8-9372D0591292}.Release|Any CPU.ActiveCfg = Release|Any CPU
		{B4D3ACB2-891A-4150-94C8-9372D0591292}.Release|Any CPU.Build.0 = Release|Any CPU
	EndGlobalSection
	GlobalSection(SolutionProperties) = preSolution
		HideSolutionNode = FALSE
	EndGlobalSection
	GlobalSection(ExtensibilityGlobals) = postSolution
		SolutionGuid = {8CDB1C9D-C1B5-4082-A8ED-B608D739D204}
	EndGlobalSection
EndGlobal
